Microsoft Visual Studio Solution File, Format Version 12.00
# Visual Studio Version 17
VisualStudioVersion = 17.5.2.0
MinimumVisualStudioVersion = 10.0.40219.1
Project("{2150E333-8FDC-42A3-9474-1A3956D46DE8}") = "bentest", "bentest", "{51F62519-D527-7BC3-9357-D903B6FD7AC4}"
EndProject
Project("{FAE04EC0-301F-11D3-BF4B-00C04F79EFBC}") = "BTreeDashboard.Web", "bentest\BTreeDashboard.Web\BTreeDashboard.Web.csproj", "{22592B53-3AC0-7CF2-6878-914369E6DD8E}"
EndProject
Global
	GlobalSection(SolutionConfigurationPlatforms) = preSolution
		Debug|Any CPU = Debug|Any CPU
		Release|Any CPU = Release|Any CPU
	EndGlobalSection
	GlobalSection(ProjectConfigurationPlatforms) = postSolution
		{22592B53-3AC0-7CF2-6878-914369E6DD8E}.Debug|Any CPU.ActiveCfg = Debug|Any CPU
		{22592B53-3AC0-7CF2-6878-914369E6DD8E}.Debug|Any CPU.Build.0 = Debug|Any CPU
		{22592B53-3AC0-7CF2-6878-914369E6DD8E}.Release|Any CPU.ActiveCfg = Release|Any CPU
		{22592B53-3AC0-7CF2-6878-914369E6DD8E}.Release|Any CPU.Build.0 = Release|Any CPU
	EndGlobalSection
	GlobalSection(SolutionProperties) = preSolution
		HideSolutionNode = FALSE
	EndGlobalSection
	GlobalSection(NestedProjects) = preSolution
		{22592B53-3AC0-7CF2-6878-914369E6DD8E} = {51F62519-D527-7BC3-9357-D903B6FD7AC4}
	EndGlobalSection
	GlobalSection(ExtensibilityGlobals) = postSolution
		SolutionGuid = {A452A035-8A0D-4BCF-936F-64FEC94F901C}
	EndGlobalSection
EndGlobal
